
Microsoft Visual Studio Solution File, Format Version 12.00
# Visual Studio 2012
Project("{FAE04EC0-301F-11D3-BF4B-00C04F79EFBC}") = "GameOfLifeWeb", "GameOfLifeWeb\GameOfLifeWeb.csproj", "{FA8555EE-8758-4798-9187-32E3342F3662}"
EndProject
Global
	GlobalSection(SolutionConfigurationPlatforms) = preSolution
		Debug|Any CPU = Debug|Any CPU
		Release|Any CPU = Release|Any CPU
	EndGlobalSection
	GlobalSection(ProjectConfigurationPlatforms) = postSolution
		{FA8555EE-8758-4798-9187-32E3342F3662}.Debug|Any CPU.ActiveCfg = Debug|Any CPU
		{FA8555EE-8758-4798-9187-32E3342F3662}.Debug|Any CPU.Build.0 = Debug|Any CPU
		{FA8555EE-8758-4798-9187-32E3342F3662}.Release|Any CPU.ActiveCfg = Release|Any CPU
		{FA8555EE-8758-4798-9187-32E3342F3662}.Release|Any CPU.Build.0 = Release|Any CPU
	EndGlobalSection
	GlobalSection(SolutionProperties) = preSolution
		HideSolutionNode = FALSE
	EndGlobalSection
EndGlobal
