
Microsoft Visual Studio Solution File, Format Version 12.00
# Visual Studio 2012
Project("{FAE04EC0-301F-11D3-BF4B-00C04F79EFBC}") = "TheatreBooking", "TheatreBooking\TheatreBooking.csproj", "{650246AF-6C37-4053-862D-16A9D04D050C}"
EndProject
Global
	GlobalSection(SolutionConfigurationPlatforms) = preSolution
		Debug|Any CPU = Debug|Any CPU
		Release|Any CPU = Release|Any CPU
	EndGlobalSection
	GlobalSection(ProjectConfigurationPlatforms) = postSolution
		{650246AF-6C37-4053-862D-16A9D04D050C}.Debug|Any CPU.ActiveCfg = Debug|Any CPU
		{650246AF-6C37-4053-862D-16A9D04D050C}.Debug|Any CPU.Build.0 = Debug|Any CPU
		{650246AF-6C37-4053-862D-16A9D04D050C}.Release|Any CPU.ActiveCfg = Release|Any CPU
		{650246AF-6C37-4053-862D-16A9D04D050C}.Release|Any CPU.Build.0 = Release|Any CPU
	EndGlobalSection
	GlobalSection(SolutionProperties) = preSolution
		HideSolutionNode = FALSE
	EndGlobalSection
	GlobalSection(ExtensibilityGlobals) = postSolution
		EnterpriseLibraryConfigurationToolBinariesPath = packages\Unity.2.1.505.0\lib\NET35
	EndGlobalSection
EndGlobal
